
Microsoft Visual Studio Solution File, Format Version 12.00
# Visual Studio Version 17
VisualStudioVersion = 17.4.33213.308
MinimumVisualStudioVersion = 10.0.40219.1
Project("{FAE04EC0-301F-11D3-BF4B-00C04F79EFBC}") = "24-02-2023", "24-02-2023.csproj", "{A400417E-92E9-404E-BC7C-C8DE009A2D85}"
EndProject
Global
	GlobalSection(SolutionConfigurationPlatforms) = preSolution
		Debug|Any CPU = Debug|Any CPU
		Release|Any CPU = Release|Any CPU
	EndGlobalSection
	GlobalSection(ProjectConfigurationPlatforms) = postSolution
		{A400417E-92E9-404E-BC7C-C8DE009A2D85}.Debug|Any CPU.ActiveCfg = Debug|Any CPU
		{A400417E-92E9-404E-BC7C-C8DE009A2D85}.Debug|Any CPU.Build.0 = Debug|Any CPU
		{A400417E-92E9-404E-BC7C-C8DE009A2D85}.Release|Any CPU.ActiveCfg = Release|Any CPU
		{A400417E-92E9-404E-BC7C-C8DE009A2D85}.Release|Any CPU.Build.0 = Release|Any CPU
	EndGlobalSection
	GlobalSection(SolutionProperties) = preSolution
		HideSolutionNode = FALSE
	EndGlobalSection
	GlobalSection(ExtensibilityGlobals) = postSolution
		SolutionGuid = {4C98C50F-BCD7-4F18-8AE9-333D4B991401}
	EndGlobalSection
EndGlobal
